
Microsoft Visual Studio Solution File, Format Version 12.00
# Visual Studio 14
VisualStudioVersion = 14.0.23107.0
MinimumVisualStudioVersion = 10.0.40219.1
Project("{8BC9CEB8-8B4A-11D0-8D11-00A0C91BC942}") = "d3d12_framework", "d3d12_framework\d3d12_framework.vcxproj", "{B0C22B79-D33D-443A-AE91-BB8DBF16ADCB}"
	ProjectSection(ProjectDependencies) = postProject
		{B897D6E0-84C5-47DA-8597-A1F5834DE784} = {B897D6E0-84C5-47DA-8597-A1F5834DE784}
	EndProjectSection
EndProject
Project("{8BC9CEB8-8B4A-11D0-8D11-00A0C91BC942}") = "log_library", "log_library\log_library.vcxproj", "{B897D6E0-84C5-47DA-8597-A1F5834DE784}"
EndProject
Project("{2150E333-8FDC-42A3-9474-1A3956D46DE8}") = "tests", "tests", "{6C6E8920-A9EA-4F9C-B962-C277C60CD1E1}"
EndProject
Project("{8BC9CEB8-8B4A-11D0-8D11-00A0C91BC942}") = "host_comuted_triangle", "tests\host_comuted_triangle\host_comuted_triangle.vcxproj", "{48F9EB95-A023-4A65-BC5D-4325ACCAAFBC}"
	ProjectSection(ProjectDependencies) = postProject
		{B0C22B79-D33D-443A-AE91-BB8DBF16ADCB} = {B0C22B79-D33D-443A-AE91-BB8DBF16ADCB}
		{B897D6E0-84C5-47DA-8597-A1F5834DE784} = {B897D6E0-84C5-47DA-8597-A1F5834DE784}
	EndProjectSection
EndProject
Project("{8BC9CEB8-8B4A-11D0-8D11-00A0C91BC942}") = "index_buffer", "tests\index_buffer\index_buffer.vcxproj", "{2C582459-CCBE-4EAB-82B9-9DA0772403C2}"
	ProjectSection(ProjectDependencies) = postProject
		{B0C22B79-D33D-443A-AE91-BB8DBF16ADCB} = {B0C22B79-D33D-443A-AE91-BB8DBF16ADCB}
		{B897D6E0-84C5-47DA-8597-A1F5834DE784} = {B897D6E0-84C5-47DA-8597-A1F5834DE784}
	EndProjectSection
EndProject
Project("{8BC9CEB8-8B4A-11D0-8D11-00A0C91BC942}") = "constant_buffer", "tests\constant_buffer\constant_buffer.vcxproj", "{E8282ED4-2CDC-4D2B-A422-375506A56386}"
	ProjectSection(ProjectDependencies) = postProject
		{B0C22B79-D33D-443A-AE91-BB8DBF16ADCB} = {B0C22B79-D33D-443A-AE91-BB8DBF16ADCB}
		{B897D6E0-84C5-47DA-8597-A1F5834DE784} = {B897D6E0-84C5-47DA-8597-A1F5834DE784}
	EndProjectSection
EndProject
Project("{8BC9CEB8-8B4A-11D0-8D11-00A0C91BC942}") = "single_2d_texture", "tests\single_2d_texture\single_2d_texture.vcxproj", "{786A4380-A1DD-44DB-8270-9F08A32ACB9C}"
	ProjectSection(ProjectDependencies) = postProject
		{B0C22B79-D33D-443A-AE91-BB8DBF16ADCB} = {B0C22B79-D33D-443A-AE91-BB8DBF16ADCB}
		{B897D6E0-84C5-47DA-8597-A1F5834DE784} = {B897D6E0-84C5-47DA-8597-A1F5834DE784}
	EndProjectSection
EndProject
Project("{8BC9CEB8-8B4A-11D0-8D11-00A0C91BC942}") = "two_textured_instance_cubes", "tests\two_textured_instance_cubes\two_textured_instance_cubes.vcxproj", "{421EEEDB-916A-4D7C-8281-C309F770F939}"
	ProjectSection(ProjectDependencies) = postProject
		{B0C22B79-D33D-443A-AE91-BB8DBF16ADCB} = {B0C22B79-D33D-443A-AE91-BB8DBF16ADCB}
		{B897D6E0-84C5-47DA-8597-A1F5834DE784} = {B897D6E0-84C5-47DA-8597-A1F5834DE784}
	EndProjectSection
EndProject
Project("{8BC9CEB8-8B4A-11D0-8D11-00A0C91BC942}") = "geometry_shader_viewports", "tests\geometry_shader_viewports\geometry_shader_viewports.vcxproj", "{A7341A5C-4E11-4F39-BC59-E61DF35E7042}"
	ProjectSection(ProjectDependencies) = postProject
		{B0C22B79-D33D-443A-AE91-BB8DBF16ADCB} = {B0C22B79-D33D-443A-AE91-BB8DBF16ADCB}
		{B897D6E0-84C5-47DA-8597-A1F5834DE784} = {B897D6E0-84C5-47DA-8597-A1F5834DE784}
	EndProjectSection
EndProject
Project("{8BC9CEB8-8B4A-11D0-8D11-00A0C91BC942}") = "hull_and_domain", "tests\hull_and_domain\hull_and_domain.vcxproj", "{E7F60F23-789A-483E-80F6-FE43FE7EB31C}"
	ProjectSection(ProjectDependencies) = postProject
		{B0C22B79-D33D-443A-AE91-BB8DBF16ADCB} = {B0C22B79-D33D-443A-AE91-BB8DBF16ADCB}
		{B897D6E0-84C5-47DA-8597-A1F5834DE784} = {B897D6E0-84C5-47DA-8597-A1F5834DE784}
	EndProjectSection
EndProject
Project("{8BC9CEB8-8B4A-11D0-8D11-00A0C91BC942}") = "render_target_to_texture", "tests\render_target_to_texture\render_target_to_texture.vcxproj", "{BA90A46C-8A8D-420A-9D8C-E147D2FD361B}"
	ProjectSection(ProjectDependencies) = postProject
		{B0C22B79-D33D-443A-AE91-BB8DBF16ADCB} = {B0C22B79-D33D-443A-AE91-BB8DBF16ADCB}
		{B897D6E0-84C5-47DA-8597-A1F5834DE784} = {B897D6E0-84C5-47DA-8597-A1F5834DE784}
	EndProjectSection
EndProject
Project("{8BC9CEB8-8B4A-11D0-8D11-00A0C91BC942}") = "texture_type_tester", "tests\texture_type_tester\texture_type_tester.vcxproj", "{54A8F3C7-59CA-4165-8D3E-C6A77993C28F}"
	ProjectSection(ProjectDependencies) = postProject
		{B0C22B79-D33D-443A-AE91-BB8DBF16ADCB} = {B0C22B79-D33D-443A-AE91-BB8DBF16ADCB}
		{B897D6E0-84C5-47DA-8597-A1F5834DE784} = {B897D6E0-84C5-47DA-8597-A1F5834DE784}
	EndProjectSection
EndProject
Project("{8BC9CEB8-8B4A-11D0-8D11-00A0C91BC942}") = "texture_array_tester", "tests\texture_array_tester\texture_array_tester.vcxproj", "{31B41F4F-3458-4C3E-8187-525120152BBF}"
	ProjectSection(ProjectDependencies) = postProject
		{B0C22B79-D33D-443A-AE91-BB8DBF16ADCB} = {B0C22B79-D33D-443A-AE91-BB8DBF16ADCB}
		{B897D6E0-84C5-47DA-8597-A1F5834DE784} = {B897D6E0-84C5-47DA-8597-A1F5834DE784}
	EndProjectSection
EndProject
Global
	GlobalSection(SolutionConfigurationPlatforms) = preSolution
		Debug|x64 = Debug|x64
		Debug|x86 = Debug|x86
		Release|x64 = Release|x64
		Release|x86 = Release|x86
	EndGlobalSection
	GlobalSection(ProjectConfigurationPlatforms) = postSolution
		{B0C22B79-D33D-443A-AE91-BB8DBF16ADCB}.Debug|x64.ActiveCfg = Debug|x64
		{B0C22B79-D33D-443A-AE91-BB8DBF16ADCB}.Debug|x64.Build.0 = Debug|x64
		{B0C22B79-D33D-443A-AE91-BB8DBF16ADCB}.Debug|x86.ActiveCfg = Debug|Win32
		{B0C22B79-D33D-443A-AE91-BB8DBF16ADCB}.Debug|x86.Build.0 = Debug|Win32
		{B0C22B79-D33D-443A-AE91-BB8DBF16ADCB}.Release|x64.ActiveCfg = Release|x64
		{B0C22B79-D33D-443A-AE91-BB8DBF16ADCB}.Release|x64.Build.0 = Release|x64
		{B0C22B79-D33D-443A-AE91-BB8DBF16ADCB}.Release|x86.ActiveCfg = Release|Win32
		{B0C22B79-D33D-443A-AE91-BB8DBF16ADCB}.Release|x86.Build.0 = Release|Win32
		{B897D6E0-84C5-47DA-8597-A1F5834DE784}.Debug|x64.ActiveCfg = Debug|x64
		{B897D6E0-84C5-47DA-8597-A1F5834DE784}.Debug|x64.Build.0 = Debug|x64
		{B897D6E0-84C5-47DA-8597-A1F5834DE784}.Debug|x86.ActiveCfg = Debug|Win32
		{B897D6E0-84C5-47DA-8597-A1F5834DE784}.Debug|x86.Build.0 = Debug|Win32
		{B897D6E0-84C5-47DA-8597-A1F5834DE784}.Release|x64.ActiveCfg = Release|x64
		{B897D6E0-84C5-47DA-8597-A1F5834DE784}.Release|x64.Build.0 = Release|x64
		{B897D6E0-84C5-47DA-8597-A1F5834DE784}.Release|x86.ActiveCfg = Release|Win32
		{B897D6E0-84C5-47DA-8597-A1F5834DE784}.Release|x86.Build.0 = Release|Win32
		{48F9EB95-A023-4A65-BC5D-4325ACCAAFBC}.Debug|x64.ActiveCfg = Debug|x64
		{48F9EB95-A023-4A65-BC5D-4325ACCAAFBC}.Debug|x64.Build.0 = Debug|x64
		{48F9EB95-A023-4A65-BC5D-4325ACCAAFBC}.Debug|x86.ActiveCfg = Debug|Win32
		{48F9EB95-A023-4A65-BC5D-4325ACCAAFBC}.Debug|x86.Build.0 = Debug|Win32
		{48F9EB95-A023-4A65-BC5D-4325ACCAAFBC}.Release|x64.ActiveCfg = Release|x64
		{48F9EB95-A023-4A65-BC5D-4325ACCAAFBC}.Release|x64.Build.0 = Release|x64
		{48F9EB95-A023-4A65-BC5D-4325ACCAAFBC}.Release|x86.ActiveCfg = Release|Win32
		{48F9EB95-A023-4A65-BC5D-4325ACCAAFBC}.Release|x86.Build.0 = Release|Win32
		{2C582459-CCBE-4EAB-82B9-9DA0772403C2}.Debug|x64.ActiveCfg = Debug|x64
		{2C582459-CCBE-4EAB-82B9-9DA0772403C2}.Debug|x64.Build.0 = Debug|x64
		{2C582459-CCBE-4EAB-82B9-9DA0772403C2}.Debug|x86.ActiveCfg = Debug|Win32
		{2C582459-CCBE-4EAB-82B9-9DA0772403C2}.Debug|x86.Build.0 = Debug|Win32
		{2C582459-CCBE-4EAB-82B9-9DA0772403C2}.Release|x64.ActiveCfg = Release|x64
		{2C582459-CCBE-4EAB-82B9-9DA0772403C2}.Release|x64.Build.0 = Release|x64
		{2C582459-CCBE-4EAB-82B9-9DA0772403C2}.Release|x86.ActiveCfg = Release|Win32
		{2C582459-CCBE-4EAB-82B9-9DA0772403C2}.Release|x86.Build.0 = Release|Win32
		{E8282ED4-2CDC-4D2B-A422-375506A56386}.Debug|x64.ActiveCfg = Debug|x64
		{E8282ED4-2CDC-4D2B-A422-375506A56386}.Debug|x64.Build.0 = Debug|x64
		{E8282ED4-2CDC-4D2B-A422-375506A56386}.Debug|x86.ActiveCfg = Debug|Win32
		{E8282ED4-2CDC-4D2B-A422-375506A56386}.Debug|x86.Build.0 = Debug|Win32
		{E8282ED4-2CDC-4D2B-A422-375506A56386}.Release|x64.ActiveCfg = Release|x64
		{E8282ED4-2CDC-4D2B-A422-375506A56386}.Release|x64.Build.0 = Release|x64
		{E8282ED4-2CDC-4D2B-A422-375506A56386}.Release|x86.ActiveCfg = Release|Win32
		{E8282ED4-2CDC-4D2B-A422-375506A56386}.Release|x86.Build.0 = Release|Win32
		{786A4380-A1DD-44DB-8270-9F08A32ACB9C}.Debug|x64.ActiveCfg = Debug|x64
		{786A4380-A1DD-44DB-8270-9F08A32ACB9C}.Debug|x64.Build.0 = Debug|x64
		{786A4380-A1DD-44DB-8270-9F08A32ACB9C}.Debug|x86.ActiveCfg = Debug|Win32
		{786A4380-A1DD-44DB-8270-9F08A32ACB9C}.Debug|x86.Build.0 = Debug|Win32
		{786A4380-A1DD-44DB-8270-9F08A32ACB9C}.Release|x64.ActiveCfg = Release|x64
		{786A4380-A1DD-44DB-8270-9F08A32ACB9C}.Release|x64.Build.0 = Release|x64
		{786A4380-A1DD-44DB-8270-9F08A32ACB9C}.Release|x86.ActiveCfg = Release|Win32
		{786A4380-A1DD-44DB-8270-9F08A32ACB9C}.Release|x86.Build.0 = Release|Win32
		{421EEEDB-916A-4D7C-8281-C309F770F939}.Debug|x64.ActiveCfg = Debug|x64
		{421EEEDB-916A-4D7C-8281-C309F770F939}.Debug|x64.Build.0 = Debug|x64
		{421EEEDB-916A-4D7C-8281-C309F770F939}.Debug|x86.ActiveCfg = Debug|Win32
		{421EEEDB-916A-4D7C-8281-C309F770F939}.Debug|x86.Build.0 = Debug|Win32
		{421EEEDB-916A-4D7C-8281-C309F770F939}.Release|x64.ActiveCfg = Release|x64
		{421EEEDB-916A-4D7C-8281-C309F770F939}.Release|x64.Build.0 = Release|x64
		{421EEEDB-916A-4D7C-8281-C309F770F939}.Release|x86.ActiveCfg = Release|Win32
		{421EEEDB-916A-4D7C-8281-C309F770F939}.Release|x86.Build.0 = Release|Win32
		{A7341A5C-4E11-4F39-BC59-E61DF35E7042}.Debug|x64.ActiveCfg = Debug|x64
		{A7341A5C-4E11-4F39-BC59-E61DF35E7042}.Debug|x64.Build.0 = Debug|x64
		{A7341A5C-4E11-4F39-BC59-E61DF35E7042}.Debug|x86.ActiveCfg = Debug|Win32
		{A7341A5C-4E11-4F39-BC59-E61DF35E7042}.Debug|x86.Build.0 = Debug|Win32
		{A7341A5C-4E11-4F39-BC59-E61DF35E7042}.Release|x64.ActiveCfg = Release|x64
		{A7341A5C-4E11-4F39-BC59-E61DF35E7042}.Release|x64.Build.0 = Release|x64
		{A7341A5C-4E11-4F39-BC59-E61DF35E7042}.Release|x86.ActiveCfg = Release|Win32
		{A7341A5C-4E11-4F39-BC59-E61DF35E7042}.Release|x86.Build.0 = Release|Win32
		{E7F60F23-789A-483E-80F6-FE43FE7EB31C}.Debug|x64.ActiveCfg = Debug|x64
		{E7F60F23-789A-483E-80F6-FE43FE7EB31C}.Debug|x64.Build.0 = Debug|x64
		{E7F60F23-789A-483E-80F6-FE43FE7EB31C}.Debug|x86.ActiveCfg = Debug|Win32
		{E7F60F23-789A-483E-80F6-FE43FE7EB31C}.Debug|x86.Build.0 = Debug|Win32
		{E7F60F23-789A-483E-80F6-FE43FE7EB31C}.Release|x64.ActiveCfg = Release|x64
		{E7F60F23-789A-483E-80F6-FE43FE7EB31C}.Release|x64.Build.0 = Release|x64
		{E7F60F23-789A-483E-80F6-FE43FE7EB31C}.Release|x86.ActiveCfg = Release|Win32
		{E7F60F23-789A-483E-80F6-FE43FE7EB31C}.Release|x86.Build.0 = Release|Win32
		{BA90A46C-8A8D-420A-9D8C-E147D2FD361B}.Debug|x64.ActiveCfg = Debug|x64
		{BA90A46C-8A8D-420A-9D8C-E147D2FD361B}.Debug|x64.Build.0 = Debug|x64
		{BA90A46C-8A8D-420A-9D8C-E147D2FD361B}.Debug|x86.ActiveCfg = Debug|Win32
		{BA90A46C-8A8D-420A-9D8C-E147D2FD361B}.Debug|x86.Build.0 = Debug|Win32
		{BA90A46C-8A8D-420A-9D8C-E147D2FD361B}.Release|x64.ActiveCfg = Release|x64
		{BA90A46C-8A8D-420A-9D8C-E147D2FD361B}.Release|x64.Build.0 = Release|x64
		{BA90A46C-8A8D-420A-9D8C-E147D2FD361B}.Release|x86.ActiveCfg = Release|Win32
		{BA90A46C-8A8D-420A-9D8C-E147D2FD361B}.Release|x86.Build.0 = Release|Win32
		{54A8F3C7-59CA-4165-8D3E-C6A77993C28F}.Debug|x64.ActiveCfg = Debug|x64
		{54A8F3C7-59CA-4165-8D3E-C6A77993C28F}.Debug|x64.Build.0 = Debug|x64
		{54A8F3C7-59CA-4165-8D3E-C6A77993C28F}.Debug|x86.ActiveCfg = Debug|Win32
		{54A8F3C7-59CA-4165-8D3E-C6A77993C28F}.Debug|x86.Build.0 = Debug|Win32
		{54A8F3C7-59CA-4165-8D3E-C6A77993C28F}.Release|x64.ActiveCfg = Release|x64
		{54A8F3C7-59CA-4165-8D3E-C6A77993C28F}.Release|x64.Build.0 = Release|x64
		{54A8F3C7-59CA-4165-8D3E-C6A77993C28F}.Release|x86.ActiveCfg = Release|Win32
		{54A8F3C7-59CA-4165-8D3E-C6A77993C28F}.Release|x86.Build.0 = Release|Win32
		{31B41F4F-3458-4C3E-8187-525120152BBF}.Debug|x64.ActiveCfg = Debug|x64
		{31B41F4F-3458-4C3E-8187-525120152BBF}.Debug|x64.Build.0 = Debug|x64
		{31B41F4F-3458-4C3E-8187-525120152BBF}.Debug|x86.ActiveCfg = Debug|Win32
		{31B41F4F-3458-4C3E-8187-525120152BBF}.Debug|x86.Build.0 = Debug|Win32
		{31B41F4F-3458-4C3E-8187-525120152BBF}.Release|x64.ActiveCfg = Release|x64
		{31B41F4F-3458-4C3E-8187-525120152BBF}.Release|x64.Build.0 = Release|x64
		{31B41F4F-3458-4C3E-8187-525120152BBF}.Release|x86.ActiveCfg = Release|Win32
		{31B41F4F-3458-4C3E-8187-525120152BBF}.Release|x86.Build.0 = Release|Win32
	EndGlobalSection
	GlobalSection(SolutionProperties) = preSolution
		HideSolutionNode = FALSE
	EndGlobalSection
	GlobalSection(NestedProjects) = preSolution
		{48F9EB95-A023-4A65-BC5D-4325ACCAAFBC} = {6C6E8920-A9EA-4F9C-B962-C277C60CD1E1}
		{2C582459-CCBE-4EAB-82B9-9DA0772403C2} = {6C6E8920-A9EA-4F9C-B962-C277C60CD1E1}
		{E8282ED4-2CDC-4D2B-A422-375506A56386} = {6C6E8920-A9EA-4F9C-B962-C277C60CD1E1}
		{786A4380-A1DD-44DB-8270-9F08A32ACB9C} = {6C6E8920-A9EA-4F9C-B962-C277C60CD1E1}
		{421EEEDB-916A-4D7C-8281-C309F770F939} = {6C6E8920-A9EA-4F9C-B962-C277C60CD1E1}
		{A7341A5C-4E11-4F39-BC59-E61DF35E7042} = {6C6E8920-A9EA-4F9C-B962-C277C60CD1E1}
		{E7F60F23-789A-483E-80F6-FE43FE7EB31C} = {6C6E8920-A9EA-4F9C-B962-C277C60CD1E1}
		{BA90A46C-8A8D-420A-9D8C-E147D2FD361B} = {6C6E8920-A9EA-4F9C-B962-C277C60CD1E1}
		{54A8F3C7-59CA-4165-8D3E-C6A77993C28F} = {6C6E8920-A9EA-4F9C-B962-C277C60CD1E1}
		{31B41F4F-3458-4C3E-8187-525120152BBF} = {6C6E8920-A9EA-4F9C-B962-C277C60CD1E1}
	EndGlobalSection
EndGlobal
